// !$*UTF8*$!
{
	archiveVersion = 1;
	classes = {
	};
	objectVersion = 46;
	objects = {

/* Begin PBXBuildFile section */
		CF465F15186C15080033277E /* Foundation.framework in Frameworks */ = {isa = PBXBuildFile; fileRef = CF465F14186C15080033277E /* Foundation.framework */; };
		CF465F17186C15080033277E /* CoreGraphics.framework in Frameworks */ = {isa = PBXBuildFile; fileRef = CF465F16186C15080033277E /* CoreGraphics.framework */; };
		CF465F19186C15080033277E /* UIKit.framework in Frameworks */ = {isa = PBXBuildFile; fileRef = CF465F18186C15080033277E /* UIKit.framework */; };
		CF465F1F186C15080033277E /* InfoPlist.strings in Resources */ = {isa = PBXBuildFile; fileRef = CF465F1D186C15080033277E /* InfoPlist.strings */; };
		CF465F21186C15080033277E /* main.m in Sources */ = {isa = PBXBuildFile; fileRef = CF465F20186C15080033277E /* main.m */; };
		CF465F25186C15080033277E /* AppDelegate.m in Sources */ = {isa = PBXBuildFile; fileRef = CF465F24186C15080033277E /* AppDelegate.m */; };
		CF465F28186C15080033277E /* Main.storyboard in Resources */ = {isa = PBXBuildFile; fileRef = CF465F26186C15080033277E /* Main.storyboard */; };
		CF465F2B186C15080033277E /* HomeViewController.m in Sources */ = {isa = PBXBuildFile; fileRef = CF465F2A186C15080033277E /* HomeViewController.m */; };
		CF465F2E186C15080033277E /* SettingsViewController.m in Sources */ = {isa = PBXBuildFile; fileRef = CF465F2D186C15080033277E /* SettingsViewController.m */; };
		CF465F30186C15080033277E /* Images.xcassets in Resources */ = {isa = PBXBuildFile; fileRef = CF465F2F186C15080033277E /* Images.xcassets */; };
		CF465F37186C15080033277E /* XCTest.framework in Frameworks */ = {isa = PBXBuildFile; fileRef = CF465F36186C15080033277E /* XCTest.framework */; };
		CF465F38186C15080033277E /* Foundation.framework in Frameworks */ = {isa = PBXBuildFile; fileRef = CF465F14186C15080033277E /* Foundation.framework */; };
		CF465F39186C15080033277E /* UIKit.framework in Frameworks */ = {isa = PBXBuildFile; fileRef = CF465F18186C15080033277E /* UIKit.framework */; };
		CF465F41186C15080033277E /* InfoPlist.strings in Resources */ = {isa = PBXBuildFile; fileRef = CF465F3F186C15080033277E /* InfoPlist.strings */; };
		CF465F43186C15080033277E /* ElementsTests.m in Sources */ = {isa = PBXBuildFile; fileRef = CF465F42186C15080033277E /* ElementsTests.m */; };
		CF465F4E186D299C0033277E /* LoadingView.m in Sources */ = {isa = PBXBuildFile; fileRef = CF465F4D186D299C0033277E /* LoadingView.m */; };
		CFC6E988187A7BA3001DE63E /* RecordsManagerViewController.m in Sources */ = {isa = PBXBuildFile; fileRef = CFC6E987187A7BA3001DE63E /* RecordsManagerViewController.m */; };
		CFDC712F1879D9900067DAEE /* PartDetailsViewController.m in Sources */ = {isa = PBXBuildFile; fileRef = CFDC712E1879D9900067DAEE /* PartDetailsViewController.m */; };
/* End PBXBuildFile section */

/* Begin PBXContainerItemProxy section */
		CF465F3A186C15080033277E /* PBXContainerItemProxy */ = {
			isa = PBXContainerItemProxy;
			containerPortal = CF465F09186C15080033277E /* Project object */;
			proxyType = 1;
			remoteGlobalIDString = CF465F10186C15080033277E;
			remoteInfo = "Telecom Elements";
		};
/* End PBXContainerItemProxy section */

/* Begin PBXFileReference section */
		CF465F11186C15080033277E /* Elements.app */ = {isa = PBXFileReference; explicitFileType = wrapper.application; includeInIndex = 0; path = Elements.app; sourceTree = BUILT_PRODUCTS_DIR; };
		CF465F14186C15080033277E /* Foundation.framework */ = {isa = PBXFileReference; lastKnownFileType = wrapper.framework; name = Foundation.framework; path = System/Library/Frameworks/Foundation.framework; sourceTree = SDKROOT; };
		CF465F16186C15080033277E /* CoreGraphics.framework */ = {isa = PBXFileReference; lastKnownFileType = wrapper.framework; name = CoreGraphics.framework; path = System/Library/Frameworks/CoreGraphics.framework; sourceTree = SDKROOT; };
		CF465F18186C15080033277E /* UIKit.framework */ = {isa = PBXFileReference; lastKnownFileType = wrapper.framework; name = UIKit.framework; path = System/Library/Frameworks/UIKit.framework; sourceTree = SDKROOT; };
		CF465F1C186C15080033277E /* Elements-Info.plist */ = {isa = PBXFileReference; lastKnownFileType = text.plist.xml; path = "Elements-Info.plist"; sourceTree = "<group>"; };
		CF465F1E186C15080033277E /* en */ = {isa = PBXFileReference; lastKnownFileType = text.plist.strings; name = en; path = en.lproj/InfoPlist.strings; sourceTree = "<group>"; };
		CF465F20186C15080033277E /* main.m */ = {isa = PBXFileReference; lastKnownFileType = sourcecode.c.objc; path = main.m; sourceTree = "<group>"; };
		CF465F22186C15080033277E /* Elements-Prefix.pch */ = {isa = PBXFileReference; lastKnownFileType = sourcecode.c.h; path = "Elements-Prefix.pch"; sourceTree = "<group>"; };
		CF465F23186C15080033277E /* AppDelegate.h */ = {isa = PBXFileReference; lastKnownFileType = sourcecode.c.h; path = AppDelegate.h; sourceTree = "<group>"; };
		CF465F24186C15080033277E /* AppDelegate.m */ = {isa = PBXFileReference; lastKnownFileType = sourcecode.c.objc; path = AppDelegate.m; sourceTree = "<group>"; };
		CF465F27186C15080033277E /* Base */ = {isa = PBXFileReference; lastKnownFileType = file.storyboard; name = Base; path = Base.lproj/Main.storyboard; sourceTree = "<group>"; };
		CF465F29186C15080033277E /* HomeViewController.h */ = {isa = PBXFileReference; lastKnownFileType = sourcecode.c.h; path = HomeViewController.h; sourceTree = "<group>"; };
		CF465F2A186C15080033277E /* HomeViewController.m */ = {isa = PBXFileReference; lastKnownFileType = sourcecode.c.objc; path = HomeViewController.m; sourceTree = "<group>"; };
		CF465F2C186C15080033277E /* SettingsViewController.h */ = {isa = PBXFileReference; lastKnownFileType = sourcecode.c.h; path = SettingsViewController.h; sourceTree = "<group>"; };
		CF465F2D186C15080033277E /* SettingsViewController.m */ = {isa = PBXFileReference; lastKnownFileType = sourcecode.c.objc; path = SettingsViewController.m; sourceTree = "<group>"; };
		CF465F2F186C15080033277E /* Images.xcassets */ = {isa = PBXFileReference; lastKnownFileType = folder.assetcatalog; path = Images.xcassets; sourceTree = "<group>"; };
		CF465F35186C15080033277E /* ElementsTests.xctest */ = {isa = PBXFileReference; explicitFileType = wrapper.cfbundle; includeInIndex = 0; path = ElementsTests.xctest; sourceTree = BUILT_PRODUCTS_DIR; };
		CF465F36186C15080033277E /* XCTest.framework */ = {isa = PBXFileReference; lastKnownFileType = wrapper.framework; name = XCTest.framework; path = Library/Frameworks/XCTest.framework; sourceTree = DEVELOPER_DIR; };
		CF465F3E186C15080033277E /* ElementsTests-Info.plist */ = {isa = PBXFileReference; lastKnownFileType = text.plist; path = "ElementsTests-Info.plist"; sourceTree = "<group>"; };
		CF465F40186C15080033277E /* en */ = {isa = PBXFileReference; lastKnownFileType = text.plist.strings; name = en; path = en.lproj/InfoPlist.strings; sourceTree = "<group>"; };
		CF465F42186C15080033277E /* ElementsTests.m */ = {isa = PBXFileReference; lastKnownFileType = sourcecode.c.objc; path = ElementsTests.m; sourceTree = "<group>"; };
		CF465F4C186D299C0033277E /* LoadingView.h */ = {isa = PBXFileReference; fileEncoding = 4; lastKnownFileType = sourcecode.c.h; path = LoadingView.h; sourceTree = "<group>"; };
		CF465F4D186D299C0033277E /* LoadingView.m */ = {isa = PBXFileReference; fileEncoding = 4; lastKnownFileType = sourcecode.c.objc; path = LoadingView.m; sourceTree = "<group>"; };
		CFC6E986187A7BA3001DE63E /* RecordsManagerViewController.h */ = {isa = PBXFileReference; fileEncoding = 4; lastKnownFileType = sourcecode.c.h; path = RecordsManagerViewController.h; sourceTree = "<group>"; };
		CFC6E987187A7BA3001DE63E /* RecordsManagerViewController.m */ = {isa = PBXFileReference; fileEncoding = 4; lastKnownFileType = sourcecode.c.objc; path = RecordsManagerViewController.m; sourceTree = "<group>"; };
		CFDC712D1879D9900067DAEE /* PartDetailsViewController.h */ = {isa = PBXFileReference; fileEncoding = 4; lastKnownFileType = sourcecode.c.h; path = PartDetailsViewController.h; sourceTree = "<group>"; };
		CFDC712E1879D9900067DAEE /* PartDetailsViewController.m */ = {isa = PBXFileReference; fileEncoding = 4; lastKnownFileType = sourcecode.c.objc; path = PartDetailsViewController.m; sourceTree = "<group>"; };
/* End PBXFileReference section */

/* Begin PBXFrameworksBuildPhase section */
		CF465F0E186C15080033277E /* Frameworks */ = {
			isa = PBXFrameworksBuildPhase;
			buildActionMask = 2147483647;
			files = (
				CF465F17186C15080033277E /* CoreGraphics.framework in Frameworks */,
				CF465F19186C15080033277E /* UIKit.framework in Frameworks */,
				CF465F15186C15080033277E /* Foundation.framework in Frameworks */,
			);
			runOnlyForDeploymentPostprocessing = 0;
		};
		CF465F32186C15080033277E /* Frameworks */ = {
			isa = PBXFrameworksBuildPhase;
			buildActionMask = 2147483647;
			files = (
				CF465F37186C15080033277E /* XCTest.framework in Frameworks */,
				CF465F39186C15080033277E /* UIKit.framework in Frameworks */,
				CF465F38186C15080033277E /* Foundation.framework in Frameworks */,
			);
			runOnlyForDeploymentPostprocessing = 0;
		};
/* End PBXFrameworksBuildPhase section */

/* Begin PBXGroup section */
		CF465F08186C15080033277E = {
			isa = PBXGroup;
			children = (
				CF465F1A186C15080033277E /* Elements */,
				CF465F3C186C15080033277E /* ElementsTests */,
				CF465F13186C15080033277E /* Frameworks */,
				CF465F12186C15080033277E /* Products */,
			);
			sourceTree = "<group>";
		};
		CF465F12186C15080033277E /* Products */ = {
			isa = PBXGroup;
			children = (
				CF465F11186C15080033277E /* Elements.app */,
				CF465F35186C15080033277E /* ElementsTests.xctest */,
			);
			name = Products;
			sourceTree = "<group>";
		};
		CF465F13186C15080033277E /* Frameworks */ = {
			isa = PBXGroup;
			children = (
				CF465F14186C15080033277E /* Foundation.framework */,
				CF465F16186C15080033277E /* CoreGraphics.framework */,
				CF465F18186C15080033277E /* UIKit.framework */,
				CF465F36186C15080033277E /* XCTest.framework */,
			);
			name = Frameworks;
			sourceTree = "<group>";
		};
		CF465F1A186C15080033277E /* Elements */ = {
			isa = PBXGroup;
			children = (
				CF465F23186C15080033277E /* AppDelegate.h */,
				CF465F24186C15080033277E /* AppDelegate.m */,
				CF465F4C186D299C0033277E /* LoadingView.h */,
				CF465F4D186D299C0033277E /* LoadingView.m */,
				CF465F26186C15080033277E /* Main.storyboard */,
				CF465F29186C15080033277E /* HomeViewController.h */,
				CF465F2A186C15080033277E /* HomeViewController.m */,
				CF465F2C186C15080033277E /* SettingsViewController.h */,
				CF465F2D186C15080033277E /* SettingsViewController.m */,
				CFDC712D1879D9900067DAEE /* PartDetailsViewController.h */,
				CFDC712E1879D9900067DAEE /* PartDetailsViewController.m */,
				CFC6E986187A7BA3001DE63E /* RecordsManagerViewController.h */,
				CFC6E987187A7BA3001DE63E /* RecordsManagerViewController.m */,
				CF465F2F186C15080033277E /* Images.xcassets */,
				CF465F1B186C15080033277E /* Supporting Files */,
			);
			path = Elements;
			sourceTree = "<group>";
		};
		CF465F1B186C15080033277E /* Supporting Files */ = {
			isa = PBXGroup;
			children = (
				CF465F1C186C15080033277E /* Elements-Info.plist */,
				CF465F1D186C15080033277E /* InfoPlist.strings */,
				CF465F20186C15080033277E /* main.m */,
				CF465F22186C15080033277E /* Elements-Prefix.pch */,
			);
			name = "Supporting Files";
			sourceTree = "<group>";
		};
		CF465F3C186C15080033277E /* ElementsTests */ = {
			isa = PBXGroup;
			children = (
				CF465F42186C15080033277E /* ElementsTests.m */,
				CF465F3D186C15080033277E /* Supporting Files */,
			);
			path = ElementsTests;
			sourceTree = "<group>";
		};
		CF465F3D186C15080033277E /* Supporting Files */ = {
			isa = PBXGroup;
			children = (
				CF465F3E186C15080033277E /* ElementsTests-Info.plist */,
				CF465F3F186C15080033277E /* InfoPlist.strings */,
			);
			name = "Supporting Files";
			sourceTree = "<group>";
		};
/* End PBXGroup section */

/* Begin PBXNativeTarget section */
		CF465F10186C15080033277E /* Elements */ = {
			isa = PBXNativeTarget;
			buildConfigurationList = CF465F46186C15080033277E /* Build configuration list for PBXNativeTarget "Elements" */;
			buildPhases = (
				CF465F0D186C15080033277E /* Sources */,
				CF465F0E186C15080033277E /* Frameworks */,
				CF465F0F186C15080033277E /* Resources */,
			);
			buildRules = (
			);
			dependencies = (
			);
			name = Elements;
			productName = "Telecom Elements";
			productReference = CF465F11186C15080033277E /* Elements.app */;
			productType = "com.apple.product-type.application";
		};
		CF465F34186C15080033277E /* ElementsTests */ = {
			isa = PBXNativeTarget;
			buildConfigurationList = CF465F49186C15080033277E /* Build configuration list for PBXNativeTarget "ElementsTests" */;
			buildPhases = (
				CF465F31186C15080033277E /* Sources */,
				CF465F32186C15080033277E /* Frameworks */,
				CF465F33186C15080033277E /* Resources */,
			);
			buildRules = (
			);
			dependencies = (
				CF465F3B186C15080033277E /* PBXTargetDependency */,
			);
			name = ElementsTests;
			productName = "Telecom ElementsTests";
			productReference = CF465F35186C15080033277E /* ElementsTests.xctest */;
			productType = "com.apple.product-type.bundle.unit-test";
		};
/* End PBXNativeTarget section */

/* Begin PBXProject section */
		CF465F09186C15080033277E /* Project object */ = {
			isa = PBXProject;
			attributes = {
				CLASSPREFIX = "";
				LastUpgradeCheck = 0500;
				ORGANIZATIONNAME = "Langley Assets, LLC";
				TargetAttributes = {
					CF465F34186C15080033277E = {
						TestTargetID = CF465F10186C15080033277E;
					};
				};
			};
			buildConfigurationList = CF465F0C186C15080033277E /* Build configuration list for PBXProject "Elements" */;
			compatibilityVersion = "Xcode 3.2";
			developmentRegion = English;
			hasScannedForEncodings = 0;
			knownRegions = (
				en,
				Base,
			);
			mainGroup = CF465F08186C15080033277E;
			productRefGroup = CF465F12186C15080033277E /* Products */;
			projectDirPath = "";
			projectRoot = "";
			targets = (
				CF465F10186C15080033277E /* Elements */,
				CF465F34186C15080033277E /* ElementsTests */,
			);
		};
/* End PBXProject section */

/* Begin PBXResourcesBuildPhase section */
		CF465F0F186C15080033277E /* Resources */ = {
			isa = PBXResourcesBuildPhase;
			buildActionMask = 2147483647;
			files = (
				CF465F30186C15080033277E /* Images.xcassets in Resources */,
				CF465F1F186C15080033277E /* InfoPlist.strings in Resources */,
				CF465F28186C15080033277E /* Main.storyboard in Resources */,
			);
			runOnlyForDeploymentPostprocessing = 0;
		};
		CF465F33186C15080033277E /* Resources */ = {
			isa = PBXResourcesBuildPhase;
			buildActionMask = 2147483647;
			files = (
				CF465F41186C15080033277E /* InfoPlist.strings in Resources */,
			);
			runOnlyForDeploymentPostprocessing = 0;
		};
/* End PBXResourcesBuildPhase section */

/* Begin PBXSourcesBuildPhase section */
		CF465F0D186C15080033277E /* Sources */ = {
			isa = PBXSourcesBuildPhase;
			buildActionMask = 2147483647;
			files = (
				CF465F21186C15080033277E /* main.m in Sources */,
				CF465F4E186D299C0033277E /* LoadingView.m in Sources */,
				CF465F25186C15080033277E /* AppDelegate.m in Sources */,
				CF465F2B186C15080033277E /* HomeViewController.m in Sources */,
				CFDC712F1879D9900067DAEE /* PartDetailsViewController.m in Sources */,
				CFC6E988187A7BA3001DE63E /* RecordsManagerViewController.m in Sources */,
				CF465F2E186C15080033277E /* SettingsViewController.m in Sources */,
			);
			runOnlyForDeploymentPostprocessing = 0;
		};
		CF465F31186C15080033277E /* Sources */ = {
			isa = PBXSourcesBuildPhase;
			buildActionMask = 2147483647;
			files = (
				CF465F43186C15080033277E /* ElementsTests.m in Sources */,
			);
			runOnlyForDeploymentPostprocessing = 0;
		};
/* End PBXSourcesBuildPhase section */

/* Begin PBXTargetDependency section */
		CF465F3B186C15080033277E /* PBXTargetDependency */ = {
			isa = PBXTargetDependency;
			target = CF465F10186C15080033277E /* Elements */;
			targetProxy = CF465F3A186C15080033277E /* PBXContainerItemProxy */;
		};
/* End PBXTargetDependency section */

/* Begin PBXVariantGroup section */
		CF465F1D186C15080033277E /* InfoPlist.strings */ = {
			isa = PBXVariantGroup;
			children = (
				CF465F1E186C15080033277E /* en */,
			);
			name = InfoPlist.strings;
			sourceTree = "<group>";
		};
		CF465F26186C15080033277E /* Main.storyboard */ = {
			isa = PBXVariantGroup;
			children = (
				CF465F27186C15080033277E /* Base */,
			);
			name = Main.storyboard;
			sourceTree = "<group>";
		};
		CF465F3F186C15080033277E /* InfoPlist.strings */ = {
			isa = PBXVariantGroup;
			children = (
				CF465F40186C15080033277E /* en */,
			);
			name = InfoPlist.strings;
			sourceTree = "<group>";
		};
/* End PBXVariantGroup section */

/* Begin XCBuildConfiguration section */
		CF465F44186C15080033277E /* Debug */ = {
			isa = XCBuildConfiguration;
			buildSettings = {
				ALWAYS_SEARCH_USER_PATHS = NO;
				ARCHS = "$(ARCHS_STANDARD_INCLUDING_64_BIT)";
				CLANG_CXX_LANGUAGE_STANDARD = "gnu++0x";
				CLANG_CXX_LIBRARY = "libc++";
				CLANG_ENABLE_MODULES = YES;
				CLANG_ENABLE_OBJC_ARC = YES;
				CLANG_WARN_BOOL_CONVERSION = YES;
				CLANG_WARN_CONSTANT_CONVERSION = YES;
				CLANG_WARN_DIRECT_OBJC_ISA_USAGE = YES_ERROR;
				CLANG_WARN_EMPTY_BODY = YES;
				CLANG_WARN_ENUM_CONVERSION = YES;
				CLANG_WARN_INT_CONVERSION = YES;
				CLANG_WARN_OBJC_ROOT_CLASS = YES_ERROR;
				CLANG_WARN__DUPLICATE_METHOD_MATCH = YES;
				"CODE_SIGN_IDENTITY[sdk=iphoneos*]" = "iPhone Developer";
				COPY_PHASE_STRIP = NO;
				GCC_C_LANGUAGE_STANDARD = gnu99;
				GCC_DYNAMIC_NO_PIC = NO;
				GCC_OPTIMIZATION_LEVEL = 0;
				GCC_PREPROCESSOR_DEFINITIONS = (
					"DEBUG=1",
					"$(inherited)",
				);
				GCC_SYMBOLS_PRIVATE_EXTERN = NO;
				GCC_WARN_64_TO_32_BIT_CONVERSION = YES;
				GCC_WARN_ABOUT_RETURN_TYPE = YES_ERROR;
				GCC_WARN_UNDECLARED_SELECTOR = YES;
				GCC_WARN_UNINITIALIZED_AUTOS = YES;
				GCC_WARN_UNUSED_FUNCTION = YES;
				GCC_WARN_UNUSED_VARIABLE = YES;
				IPHONEOS_DEPLOYMENT_TARGET = 7.0;
				ONLY_ACTIVE_ARCH = YES;
				SDKROOT = iphoneos;
			};
			name = Debug;
		};
		CF465F45186C15080033277E /* Release */ = {
			isa = XCBuildConfiguration;
			buildSettings = {
				ALWAYS_SEARCH_USER_PATHS = NO;
				ARCHS = "$(ARCHS_STANDARD_INCLUDING_64_BIT)";
				CLANG_CXX_LANGUAGE_STANDARD = "gnu++0x";
				CLANG_CXX_LIBRARY = "libc++";
				CLANG_ENABLE_MODULES = YES;
				CLANG_ENABLE_OBJC_ARC = YES;
				CLANG_WARN_BOOL_CONVERSION = YES;
				CLANG_WARN_CONSTANT_CONVERSION = YES;
				CLANG_WARN_DIRECT_OBJC_ISA_USAGE = YES_ERROR;
				CLANG_WARN_EMPTY_BODY = YES;
				CLANG_WARN_ENUM_CONVERSION = YES;
				CLANG_WARN_INT_CONVERSION = YES;
				CLANG_WARN_OBJC_ROOT_CLASS = YES_ERROR;
				CLANG_WARN__DUPLICATE_METHOD_MATCH = YES;
				"CODE_SIGN_IDENTITY[sdk=iphoneos*]" = "iPhone Developer";
				COPY_PHASE_STRIP = YES;
				ENABLE_NS_ASSERTIONS = NO;
				GCC_C_LANGUAGE_STANDARD = gnu99;
				GCC_WARN_64_TO_32_BIT_CONVERSION = YES;
				GCC_WARN_ABOUT_RETURN_TYPE = YES_ERROR;
				GCC_WARN_UNDECLARED_SELECTOR = YES;
				GCC_WARN_UNINITIALIZED_AUTOS = YES;
				GCC_WARN_UNUSED_FUNCTION = YES;
				GCC_WARN_UNUSED_VARIABLE = YES;
				IPHONEOS_DEPLOYMENT_TARGET = 7.0;
				SDKROOT = iphoneos;
				VALIDATE_PRODUCT = YES;
			};
			name = Release;
		};
		CF465F47186C15080033277E /* Debug */ = {
			isa = XCBuildConfiguration;
			buildSettings = {
				ASSETCATALOG_COMPILER_APPICON_NAME = AppIcon;
				ASSETCATALOG_COMPILER_LAUNCHIMAGE_NAME = LaunchImage;
				CODE_SIGN_IDENTITY = "iPhone Developer";
				GCC_PRECOMPILE_PREFIX_HEADER = YES;
				GCC_PREFIX_HEADER = "Elements/Elements-Prefix.pch";
				INFOPLIST_FILE = "Elements/Elements-Info.plist";
				IPHONEOS_DEPLOYMENT_TARGET = 7.0;
				PRODUCT_NAME = Elements;
				WRAPPER_EXTENSION = app;
			};
			name = Debug;
		};
		CF465F48186C15080033277E /* Release */ = {
			isa = XCBuildConfiguration;
			buildSettings = {
				ASSETCATALOG_COMPILER_APPICON_NAME = AppIcon;
				ASSETCATALOG_COMPILER_LAUNCHIMAGE_NAME = LaunchImage;
				CODE_SIGN_IDENTITY = "iPhone Developer";
				GCC_PRECOMPILE_PREFIX_HEADER = YES;
				GCC_PREFIX_HEADER = "Elements/Elements-Prefix.pch";
				INFOPLIST_FILE = "Elements/Elements-Info.plist";
				IPHONEOS_DEPLOYMENT_TARGET = 7.0;
				PRODUCT_NAME = Elements;
				WRAPPER_EXTENSION = app;
			};
			name = Release;
		};
		CF465F4A186C15080033277E /* Debug */ = {
			isa = XCBuildConfiguration;
			buildSettings = {
				ARCHS = "$(ARCHS_STANDARD_INCLUDING_64_BIT)";
				BUNDLE_LOADER = "$(BUILT_PRODUCTS_DIR)/Elements.app/Elements";
				FRAMEWORK_SEARCH_PATHS = (
					"$(SDKROOT)/Developer/Library/Frameworks",
					"$(inherited)",
					"$(DEVELOPER_FRAMEWORKS_DIR)",
				);
				GCC_PRECOMPILE_PREFIX_HEADER = YES;
				GCC_PREFIX_HEADER = "Elements/Elements-Prefix.pch";
				GCC_PREPROCESSOR_DEFINITIONS = (
					"DEBUG=1",
					"$(inherited)",
				);
				INFOPLIST_FILE = "ElementsTests/ElementsTests-Info.plist";
				PRODUCT_NAME = ElementsTests;
				TEST_HOST = "$(BUNDLE_LOADER)";
				WRAPPER_EXTENSION = xctest;
			};
			name = Debug;
		};
		CF465F4B186C15080033277E /* Release */ = {
			isa = XCBuildConfiguration;
			buildSettings = {
				ARCHS = "$(ARCHS_STANDARD_INCLUDING_64_BIT)";
				BUNDLE_LOADER = "$(BUILT_PRODUCTS_DIR)/Elements.app/Elements";
				FRAMEWORK_SEARCH_PATHS = (
					"$(SDKROOT)/Developer/Library/Frameworks",
					"$(inherited)",
					"$(DEVELOPER_FRAMEWORKS_DIR)",
				);
				GCC_PRECOMPILE_PREFIX_HEADER = YES;
				GCC_PREFIX_HEADER = "Elements/Elements-Prefix.pch";
				INFOPLIST_FILE = "ElementsTests/ElementsTests-Info.plist";
				PRODUCT_NAME = ElementsTests;
				TEST_HOST = "$(BUNDLE_LOADER)";
				WRAPPER_EXTENSION = xctest;
			};
			name = Release;
		};
/* End XCBuildConfiguration section */

/* Begin XCConfigurationList section */
		CF465F0C186C15080033277E /* Build configuration list for PBXProject "Elements" */ = {
			isa = XCConfigurationList;
			buildConfigurations = (
				CF465F44186C15080033277E /* Debug */,
				CF465F45186C15080033277E /* Release */,
			);
			defaultConfigurationIsVisible = 0;
			defaultConfigurationName = Release;
		};
		CF465F46186C15080033277E /* Build configuration list for PBXNativeTarget "Elements" */ = {
			isa = XCConfigurationList;
			buildConfigurations = (
				CF465F47186C15080033277E /* Debug */,
				CF465F48186C15080033277E /* Release */,
			);
			defaultConfigurationIsVisible = 0;
			defaultConfigurationName = Release;
		};
		CF465F49186C15080033277E /* Build configuration list for PBXNativeTarget "ElementsTests" */ = {
			isa = XCConfigurationList;
			buildConfigurations = (
				CF465F4A186C15080033277E /* Debug */,
				CF465F4B186C15080033277E /* Release */,
			);
			defaultConfigurationIsVisible = 0;
			defaultConfigurationName = Release;
		};
/* End XCConfigurationList section */
	};
	rootObject = CF465F09186C15080033277E /* Project object */;
}
